
Microsoft Visual Studio Solution File, Format Version 12.00
# Visual Studio Version 17
VisualStudioVersion = 17.9.34728.123
MinimumVisualStudioVersion = 10.0.40219.1
Project("{FAE04EC0-301F-11D3-BF4B-00C04F79EFBC}") = "Assignment4.1.2.", "..\Assignment4.1.2\Assignment4.1.2..csproj", "{F7366C96-1800-49D8-90E2-430A443C58CE}"
EndProject
Global
	GlobalSection(SolutionConfigurationPlatforms) = preSolution
		Debug|Any CPU = Debug|Any CPU
		Release|Any CPU = Release|Any CPU
	EndGlobalSection
	GlobalSection(ProjectConfigurationPlatforms) = postSolution
		{F7366C96-1800-49D8-90E2-430A443C58CE}.Debug|Any CPU.ActiveCfg = Debug|Any CPU
		{F7366C96-1800-49D8-90E2-430A443C58CE}.Debug|Any CPU.Build.0 = Debug|Any CPU
		{F7366C96-1800-49D8-90E2-430A443C58CE}.Release|Any CPU.ActiveCfg = Release|Any CPU
		{F7366C96-1800-49D8-90E2-430A443C58CE}.Release|Any CPU.Build.0 = Release|Any CPU
	EndGlobalSection
	GlobalSection(SolutionProperties) = preSolution
		HideSolutionNode = FALSE
	EndGlobalSection
	GlobalSection(ExtensibilityGlobals) = postSolution
		SolutionGuid = {551CCBDA-5679-4A28-B1B6-E1A5FDB25353}
	EndGlobalSection
EndGlobal
